
Microsoft Visual Studio Solution File, Format Version 12.00
# Visual Studio Version 16
VisualStudioVersion = 16.0.29728.190
MinimumVisualStudioVersion = 10.0.40219.1
Project("{9A19103F-16F7-4668-BE54-9A1E7A4F7556}") = "CRUD.UserManagment.API", "CRUD.UserManagement.API\CRUD.UserManagment.API.csproj", "{AC14CEC3-6992-4428-9EE8-DC4A93F791E1}"
EndProject
Project("{9A19103F-16F7-4668-BE54-9A1E7A4F7556}") = "CRUD.UserManagment.Infrastructure", "CRUD.UserManagement.Infrastructure\CRUD.UserManagment.Infrastructure.csproj", "{A64EB748-4487-4E3F-BA39-A3AAEADA03A3}"
EndProject
Project("{9A19103F-16F7-4668-BE54-9A1E7A4F7556}") = "CRUD.UserManagement.Domain", "CRUD.UserManagement.Domain\CRUD.UserManagement.Domain.csproj", "{D4F0BBCF-8D28-427F-B774-112604EE9678}"
EndProject
Project("{9A19103F-16F7-4668-BE54-9A1E7A4F7556}") = "CRUD.UserManagement.Services", "CRUD.UserManagement.Services\CRUD.UserManagement.Services.csproj", "{335C151D-349A-49AD-A54A-B8875C63D635}"
EndProject
Project("{E53339B2-1760-4266-BCC7-CA923CBCF16C}") = "docker-compose", "docker-compose.dcproj", "{E94BA42A-0EEB-40E8-B755-904C30793B8F}"
EndProject
Global
	GlobalSection(SolutionConfigurationPlatforms) = preSolution
		Debug|Any CPU = Debug|Any CPU
		Release|Any CPU = Release|Any CPU
	EndGlobalSection
	GlobalSection(ProjectConfigurationPlatforms) = postSolution
		{AC14CEC3-6992-4428-9EE8-DC4A93F791E1}.Debug|Any CPU.ActiveCfg = Debug|Any CPU
		{AC14CEC3-6992-4428-9EE8-DC4A93F791E1}.Debug|Any CPU.Build.0 = Debug|Any CPU
		{AC14CEC3-6992-4428-9EE8-DC4A93F791E1}.Release|Any CPU.ActiveCfg = Release|Any CPU
		{AC14CEC3-6992-4428-9EE8-DC4A93F791E1}.Release|Any CPU.Build.0 = Release|Any CPU
		{A64EB748-4487-4E3F-BA39-A3AAEADA03A3}.Debug|Any CPU.ActiveCfg = Debug|Any CPU
		{A64EB748-4487-4E3F-BA39-A3AAEADA03A3}.Debug|Any CPU.Build.0 = Debug|Any CPU
		{A64EB748-4487-4E3F-BA39-A3AAEADA03A3}.Release|Any CPU.ActiveCfg = Release|Any CPU
		{A64EB748-4487-4E3F-BA39-A3AAEADA03A3}.Release|Any CPU.Build.0 = Release|Any CPU
		{D4F0BBCF-8D28-427F-B774-112604EE9678}.Debug|Any CPU.ActiveCfg = Debug|Any CPU
		{D4F0BBCF-8D28-427F-B774-112604EE9678}.Debug|Any CPU.Build.0 = Debug|Any CPU
		{D4F0BBCF-8D28-427F-B774-112604EE9678}.Release|Any CPU.ActiveCfg = Release|Any CPU
		{D4F0BBCF-8D28-427F-B774-112604EE9678}.Release|Any CPU.Build.0 = Release|Any CPU
		{335C151D-349A-49AD-A54A-B8875C63D635}.Debug|Any CPU.ActiveCfg = Debug|Any CPU
		{335C151D-349A-49AD-A54A-B8875C63D635}.Debug|Any CPU.Build.0 = Debug|Any CPU
		{335C151D-349A-49AD-A54A-B8875C63D635}.Release|Any CPU.ActiveCfg = Release|Any CPU
		{335C151D-349A-49AD-A54A-B8875C63D635}.Release|Any CPU.Build.0 = Release|Any CPU
		{E94BA42A-0EEB-40E8-B755-904C30793B8F}.Debug|Any CPU.ActiveCfg = Debug|Any CPU
		{E94BA42A-0EEB-40E8-B755-904C30793B8F}.Debug|Any CPU.Build.0 = Debug|Any CPU
		{E94BA42A-0EEB-40E8-B755-904C30793B8F}.Release|Any CPU.ActiveCfg = Release|Any CPU
		{E94BA42A-0EEB-40E8-B755-904C30793B8F}.Release|Any CPU.Build.0 = Release|Any CPU
	EndGlobalSection
	GlobalSection(SolutionProperties) = preSolution
		HideSolutionNode = FALSE
	EndGlobalSection
	GlobalSection(ExtensibilityGlobals) = postSolution
		SolutionGuid = {07BAE621-F3A0-4926-B36C-9F36D4224707}
	EndGlobalSection
EndGlobal
